{
  "pins" : [
    {
      "identity" : "course-explorer-api",
      "kind" : "remoteSourceControl",
      "location" : "https://github.com/ylh27/course-explorer-api.git",
      "state" : {
        "branch" : "main",
        "revision" : "3e5c29eb39d5be2c2d7858b7485acba0fbbbc92b"
      }
    }
  ],
  "version" : 2
}
