{
  "pins" : [
    {
      "identity" : "course-explorer-api",
      "kind" : "remoteSourceControl",
      "location" : "https://github.com/ylh27/course-explorer-api.git",
      "state" : {
        "branch" : "main",
        "revision" : "268af8f9c3d9530e566cb9b9ae34a9e0e419091c"
      }
    }
  ],
  "version" : 2
}
