{
  "pins" : [
    {
      "identity" : "course-explorer-api",
      "kind" : "remoteSourceControl",
      "location" : "https://github.com/ylh27/course-explorer-api.git",
      "state" : {
        "branch" : "main",
        "revision" : "462889468e3d3aa137ba135d1c5d4cf02d0bb5ce"
      }
    }
  ],
  "version" : 2
}
